
Microsoft Visual Studio Solution File, Format Version 12.00
# Visual Studio 15
Project("{FAE04EC0-301F-11D3-BF4B-00C04F79EFBC}") = "Unity.Timeline", "Unity.Timeline.csproj", "{C6495762-CABB-8926-CA97-6E5B6F11AB60}"
EndProject
Project("{FAE04EC0-301F-11D3-BF4B-00C04F79EFBC}") = "Unity.Timeline.Editor", "Unity.Timeline.Editor.csproj", "{BDF0FDC9-6B62-8727-51E9-08113FA948A9}"
EndProject
Project("{FAE04EC0-301F-11D3-BF4B-00C04F79EFBC}") = "Unity.TextMeshPro.Editor", "Unity.TextMeshPro.Editor.csproj", "{31FBB87B-0774-1527-CCD6-82A5C6643E9F}"
EndProject
Project("{FAE04EC0-301F-11D3-BF4B-00C04F79EFBC}") = "Unity.2D.Aseprite.Editor", "Unity.2D.Aseprite.Editor.csproj", "{A02C4EA6-7F38-D7E2-E9FE-AF39F36251DF}"
EndProject
Project("{FAE04EC0-301F-11D3-BF4B-00C04F79EFBC}") = "Unity.VisualScripting.Flow", "Unity.VisualScripting.Flow.csproj", "{AFDC7D4B-B18B-C70C-91D1-CD7446DB4DF9}"
EndProject
Project("{FAE04EC0-301F-11D3-BF4B-00C04F79EFBC}") = "Unity.PlasticSCM.Editor", "Unity.PlasticSCM.Editor.csproj", "{C3E791D2-8373-E213-9B91-ECC211CA4842}"
EndProject
Project("{FAE04EC0-301F-11D3-BF4B-00C04F79EFBC}") = "Unity.2D.Psdimporter.Editor", "Unity.2D.Psdimporter.Editor.csproj", "{EFDBC30C-1066-777F-DD93-361A67E24A5F}"
EndProject
Project("{FAE04EC0-301F-11D3-BF4B-00C04F79EFBC}") = "Unity.VisualScripting.Core", "Unity.VisualScripting.Core.csproj", "{FAF666A8-1C70-C48A-287C-66E970BC22DB}"
EndProject
Project("{FAE04EC0-301F-11D3-BF4B-00C04F79EFBC}") = "Unity.Mathematics", "Unity.Mathematics.csproj", "{A5F34D25-6244-E68D-1530-BD36D0F8888F}"
EndProject
Project("{FAE04EC0-301F-11D3-BF4B-00C04F79EFBC}") = "Unity.2D.Animation.Editor", "Unity.2D.Animation.Editor.csproj", "{390F4F53-FDB8-0028-06BC-6558BF5E0CFC}"
EndProject
Project("{FAE04EC0-301F-11D3-BF4B-00C04F79EFBC}") = "Unity.2D.Common.Path.Editor", "Unity.2D.Common.Path.Editor.csproj", "{87E5019A-FC01-D041-6DEF-C7BC5A8E048E}"
EndProject
Project("{FAE04EC0-301F-11D3-BF4B-00C04F79EFBC}") = "Unity.VisualScripting.Core.Editor", "Unity.VisualScripting.Core.Editor.csproj", "{C786E0D9-7D2A-21C9-3121-4151E0E596B2}"
EndProject
Project("{FAE04EC0-301F-11D3-BF4B-00C04F79EFBC}") = "Unity.2D.IK.Runtime", "Unity.2D.IK.Runtime.csproj", "{FC296FA9-BE2F-36DE-A508-77A7A64C68D3}"
EndProject
Project("{FAE04EC0-301F-11D3-BF4B-00C04F79EFBC}") = "Unity.VisualScripting.Flow.Editor", "Unity.VisualScripting.Flow.Editor.csproj", "{38CAEA7B-64C4-7B40-02CB-F29DF179CFF0}"
EndProject
Project("{FAE04EC0-301F-11D3-BF4B-00C04F79EFBC}") = "UnityEditor.TestRunner", "UnityEditor.TestRunner.csproj", "{29078D91-A861-D848-F3C1-F26944AF70D6}"
EndProject
Project("{FAE04EC0-301F-11D3-BF4B-00C04F79EFBC}") = "Unity.VisualScripting.SettingsProvider.Editor", "Unity.VisualScripting.SettingsProvider.Editor.csproj", "{66BB3033-4939-A70F-4540-6D5B9E769238}"
EndProject
Project("{FAE04EC0-301F-11D3-BF4B-00C04F79EFBC}") = "UnityEngine.TestRunner", "UnityEngine.TestRunner.csproj", "{5A65AD15-D770-601E-FB51-A4CB6087D258}"
EndProject
Project("{FAE04EC0-301F-11D3-BF4B-00C04F79EFBC}") = "PsdPlugin", "PsdPlugin.csproj", "{6E349882-FB54-5997-5A49-44A3EFE1DBB8}"
EndProject
Project("{FAE04EC0-301F-11D3-BF4B-00C04F79EFBC}") = "Unity.Burst", "Unity.Burst.csproj", "{BEA18F9F-5E43-2DD2-1D8E-36E16519011C}"
EndProject
Project("{FAE04EC0-301F-11D3-BF4B-00C04F79EFBC}") = "Assembly-CSharp", "Assembly-CSharp.csproj", "{EF480A92-ED74-51E8-271B-648248255DC2}"
EndProject
Project("{FAE04EC0-301F-11D3-BF4B-00C04F79EFBC}") = "Unity.2D.SpriteShape.Editor", "Unity.2D.SpriteShape.Editor.csproj", "{8B2F3798-DC4E-77A4-D271-7C8387F3DDDF}"
EndProject
Project("{FAE04EC0-301F-11D3-BF4B-00C04F79EFBC}") = "Unity.Collections", "Unity.Collections.csproj", "{9BEA66D3-2674-952A-634E-35F9A12EFF08}"
EndProject
Project("{FAE04EC0-301F-11D3-BF4B-00C04F79EFBC}") = "Unity.VisualStudio.Editor", "Unity.VisualStudio.Editor.csproj", "{092322FF-2247-057B-1AEF-F39A3DB95463}"
EndProject
Project("{FAE04EC0-301F-11D3-BF4B-00C04F79EFBC}") = "Unity.2D.Tilemap.Extras.Editor", "Unity.2D.Tilemap.Extras.Editor.csproj", "{18A5F819-0E60-C26D-2B8E-B5522B9F1F89}"
EndProject
Project("{FAE04EC0-301F-11D3-BF4B-00C04F79EFBC}") = "Unity.TestTools.CodeCoverage.Editor.OpenCover.Model", "Unity.TestTools.CodeCoverage.Editor.OpenCover.Model.csproj", "{B9015508-F679-09D9-790B-19D4FBB286C2}"
EndProject
Project("{FAE04EC0-301F-11D3-BF4B-00C04F79EFBC}") = "Unity.Rider.Editor", "Unity.Rider.Editor.csproj", "{89952798-7291-9702-5ED0-ED8D41CA4E51}"
EndProject
Project("{FAE04EC0-301F-11D3-BF4B-00C04F79EFBC}") = "Unity.InternalAPIEditorBridge.001", "Unity.InternalAPIEditorBridge.001.csproj", "{32F5C0A8-26FD-6A36-DC5D-F5CBDD890865}"
EndProject
Project("{FAE04EC0-301F-11D3-BF4B-00C04F79EFBC}") = "Unity.2D.SpriteShape.Runtime", "Unity.2D.SpriteShape.Runtime.csproj", "{3A7A1814-356E-DA7F-E035-622B96CF83CE}"
EndProject
Project("{FAE04EC0-301F-11D3-BF4B-00C04F79EFBC}") = "Unity.VisualScripting.State.Editor", "Unity.VisualScripting.State.Editor.csproj", "{73C613C3-A370-979B-AE1B-D903799B394E}"
EndProject
Project("{FAE04EC0-301F-11D3-BF4B-00C04F79EFBC}") = "Unity.2D.Animation.Runtime", "Unity.2D.Animation.Runtime.csproj", "{3FED6876-FF3C-714B-9F2F-862D410EEEFC}"
EndProject
Project("{FAE04EC0-301F-11D3-BF4B-00C04F79EFBC}") = "Unity.TestTools.CodeCoverage.Editor", "Unity.TestTools.CodeCoverage.Editor.csproj", "{77E9F284-1765-543C-06FE-3B77AE1B78A7}"
EndProject
Project("{FAE04EC0-301F-11D3-BF4B-00C04F79EFBC}") = "Unity.Burst.CodeGen", "Unity.Burst.CodeGen.csproj", "{14C46F73-A4EB-7D7C-B093-1C1E5DD23593}"
EndProject
Project("{FAE04EC0-301F-11D3-BF4B-00C04F79EFBC}") = "Unity.2D.Tilemap.Extras", "Unity.2D.Tilemap.Extras.csproj", "{455250D0-2F92-2E30-1E4F-8964BF49BDFF}"
EndProject
Project("{FAE04EC0-301F-11D3-BF4B-00C04F79EFBC}") = "Unity.VisualScripting.State", "Unity.VisualScripting.State.csproj", "{4976607E-191D-DA94-65E2-1A117873B772}"
EndProject
Project("{FAE04EC0-301F-11D3-BF4B-00C04F79EFBC}") = "Unity.TextMeshPro", "Unity.TextMeshPro.csproj", "{5946BB37-775A-EA45-D21D-E327F033E0D3}"
EndProject
Project("{FAE04EC0-301F-11D3-BF4B-00C04F79EFBC}") = "Unity.Performance.Profile-Analyzer.Editor", "Unity.Performance.Profile-Analyzer.Editor.csproj", "{4EA5DCF1-3AAB-4ED4-D81A-06CD77970E01}"
EndProject
Project("{FAE04EC0-301F-11D3-BF4B-00C04F79EFBC}") = "Unity.2D.Aseprite.Common", "Unity.2D.Aseprite.Common.csproj", "{DD19D059-7F52-18D8-B278-8BAF1658CCD6}"
EndProject
Project("{FAE04EC0-301F-11D3-BF4B-00C04F79EFBC}") = "Unity.VSCode.Editor", "Unity.VSCode.Editor.csproj", "{87565AD2-D765-3B04-A8A2-3346E1E57BA0}"
EndProject
Project("{FAE04EC0-301F-11D3-BF4B-00C04F79EFBC}") = "Unity.2D.IK.Editor", "Unity.2D.IK.Editor.csproj", "{0CDDE611-6E0A-2DE0-7A88-140A68C93871}"
EndProject
Project("{FAE04EC0-301F-11D3-BF4B-00C04F79EFBC}") = "Unity.InternalAPIEngineBridge.001", "Unity.InternalAPIEngineBridge.001.csproj", "{DC946FDE-803A-2034-2C04-88DA0E233B30}"
EndProject
Project("{FAE04EC0-301F-11D3-BF4B-00C04F79EFBC}") = "Unity.Burst.Editor", "Unity.Burst.Editor.csproj", "{436F6F2E-91E7-6925-0155-B8F354F9F227}"
EndProject
Project("{FAE04EC0-301F-11D3-BF4B-00C04F79EFBC}") = "Unity.TestTools.CodeCoverage.Editor.OpenCover.Mono.Reflection", "Unity.TestTools.CodeCoverage.Editor.OpenCover.Mono.Reflection.csproj", "{E2C769AE-3E4C-B217-AFCC-74B0E994DE07}"
EndProject
Project("{FAE04EC0-301F-11D3-BF4B-00C04F79EFBC}") = "Unity.2D.Common.Editor", "Unity.2D.Common.Editor.csproj", "{D6B6C511-4A62-78D9-D3F7-F72B798289D9}"
EndProject
Project("{FAE04EC0-301F-11D3-BF4B-00C04F79EFBC}") = "Unity.Settings.Editor", "Unity.Settings.Editor.csproj", "{07C5E22C-EAD1-F246-7C10-E7CAD0045B09}"
EndProject
Project("{FAE04EC0-301F-11D3-BF4B-00C04F79EFBC}") = "Unity.2D.PixelPerfect", "Unity.2D.PixelPerfect.csproj", "{6CAA7DF6-7B9C-13D4-1430-536B70FCA74F}"
EndProject
Project("{FAE04EC0-301F-11D3-BF4B-00C04F79EFBC}") = "Unity.2D.PixelPerfect.Editor", "Unity.2D.PixelPerfect.Editor.csproj", "{80B3BAE9-1C95-CEC0-C855-D53CF7F2B466}"
EndProject
Project("{FAE04EC0-301F-11D3-BF4B-00C04F79EFBC}") = "Unity.2D.Common.Runtime", "Unity.2D.Common.Runtime.csproj", "{3F5141E9-24C2-33EF-5D54-34F11637CACE}"
EndProject
Project("{FAE04EC0-301F-11D3-BF4B-00C04F79EFBC}") = "Unity.EditorCoroutines.Editor", "Unity.EditorCoroutines.Editor.csproj", "{FE974D71-F0B9-6198-0B28-F21245B9224D}"
EndProject
Project("{FAE04EC0-301F-11D3-BF4B-00C04F79EFBC}") = "Unity.Mathematics.Editor", "Unity.Mathematics.Editor.csproj", "{D5CE8DB6-27D6-C7C2-27FA-DE341EB7B75E}"
EndProject
Project("{FAE04EC0-301F-11D3-BF4B-00C04F79EFBC}") = "Unity.Collections.BurstCompatibilityGen", "Unity.Collections.BurstCompatibilityGen.csproj", "{55481E6D-2A4C-EC60-E293-D23CBE017BFE}"
EndProject
Project("{FAE04EC0-301F-11D3-BF4B-00C04F79EFBC}") = "Unity.InternalAPIEditorBridge.005", "Unity.InternalAPIEditorBridge.005.csproj", "{889E453B-C3FC-5002-9663-3271470DA940}"
EndProject
Project("{FAE04EC0-301F-11D3-BF4B-00C04F79EFBC}") = "Unity.VisualScripting.Shared.Editor", "Unity.VisualScripting.Shared.Editor.csproj", "{318B78AD-C59B-5F4D-9402-6D4C46AA28E8}"
EndProject
Project("{FAE04EC0-301F-11D3-BF4B-00C04F79EFBC}") = "Unity.Collections.DocCodeSamples", "Unity.Collections.DocCodeSamples.csproj", "{1FEDD447-BCC1-A1FF-BE3D-E2E92ACB3B19}"
EndProject
Project("{FAE04EC0-301F-11D3-BF4B-00C04F79EFBC}") = "Unity.CollabProxy.Editor", "Unity.CollabProxy.Editor.csproj", "{0816F3E4-75FD-6727-DF55-E6AB62B448A6}"
EndProject
Global
	GlobalSection(SolutionConfigurationPlatforms) = preSolution
		Debug|Any CPU = Debug|Any CPU
		Release|Any CPU = Release|Any CPU
	EndGlobalSection
	GlobalSection(ProjectConfigurationPlatforms) = postSolution
		{C6495762-CABB-8926-CA97-6E5B6F11AB60}.Debug|Any CPU.ActiveCfg = Debug|Any CPU
		{C6495762-CABB-8926-CA97-6E5B6F11AB60}.Debug|Any CPU.Build.0 = Debug|Any CPU
		{C6495762-CABB-8926-CA97-6E5B6F11AB60}.Release|Any CPU.ActiveCfg = Release|Any CPU
		{C6495762-CABB-8926-CA97-6E5B6F11AB60}.Release|Any CPU.Build.0 = Release|Any CPU
		{BDF0FDC9-6B62-8727-51E9-08113FA948A9}.Debug|Any CPU.ActiveCfg = Debug|Any CPU
		{BDF0FDC9-6B62-8727-51E9-08113FA948A9}.Debug|Any CPU.Build.0 = Debug|Any CPU
		{BDF0FDC9-6B62-8727-51E9-08113FA948A9}.Release|Any CPU.ActiveCfg = Release|Any CPU
		{BDF0FDC9-6B62-8727-51E9-08113FA948A9}.Release|Any CPU.Build.0 = Release|Any CPU
		{31FBB87B-0774-1527-CCD6-82A5C6643E9F}.Debug|Any CPU.ActiveCfg = Debug|Any CPU
		{31FBB87B-0774-1527-CCD6-82A5C6643E9F}.Debug|Any CPU.Build.0 = Debug|Any CPU
		{31FBB87B-0774-1527-CCD6-82A5C6643E9F}.Release|Any CPU.ActiveCfg = Release|Any CPU
		{31FBB87B-0774-1527-CCD6-82A5C6643E9F}.Release|Any CPU.Build.0 = Release|Any CPU
		{A02C4EA6-7F38-D7E2-E9FE-AF39F36251DF}.Debug|Any CPU.ActiveCfg = Debug|Any CPU
		{A02C4EA6-7F38-D7E2-E9FE-AF39F36251DF}.Debug|Any CPU.Build.0 = Debug|Any CPU
		{A02C4EA6-7F38-D7E2-E9FE-AF39F36251DF}.Release|Any CPU.ActiveCfg = Release|Any CPU
		{A02C4EA6-7F38-D7E2-E9FE-AF39F36251DF}.Release|Any CPU.Build.0 = Release|Any CPU
		{AFDC7D4B-B18B-C70C-91D1-CD7446DB4DF9}.Debug|Any CPU.ActiveCfg = Debug|Any CPU
		{AFDC7D4B-B18B-C70C-91D1-CD7446DB4DF9}.Debug|Any CPU.Build.0 = Debug|Any CPU
		{AFDC7D4B-B18B-C70C-91D1-CD7446DB4DF9}.Release|Any CPU.ActiveCfg = Release|Any CPU
		{AFDC7D4B-B18B-C70C-91D1-CD7446DB4DF9}.Release|Any CPU.Build.0 = Release|Any CPU
		{C3E791D2-8373-E213-9B91-ECC211CA4842}.Debug|Any CPU.ActiveCfg = Debug|Any CPU
		{C3E791D2-8373-E213-9B91-ECC211CA4842}.Debug|Any CPU.Build.0 = Debug|Any CPU
		{C3E791D2-8373-E213-9B91-ECC211CA4842}.Release|Any CPU.ActiveCfg = Release|Any CPU
		{C3E791D2-8373-E213-9B91-ECC211CA4842}.Release|Any CPU.Build.0 = Release|Any CPU
		{EFDBC30C-1066-777F-DD93-361A67E24A5F}.Debug|Any CPU.ActiveCfg = Debug|Any CPU
		{EFDBC30C-1066-777F-DD93-361A67E24A5F}.Debug|Any CPU.Build.0 = Debug|Any CPU
		{EFDBC30C-1066-777F-DD93-361A67E24A5F}.Release|Any CPU.ActiveCfg = Release|Any CPU
		{EFDBC30C-1066-777F-DD93-361A67E24A5F}.Release|Any CPU.Build.0 = Release|Any CPU
		{FAF666A8-1C70-C48A-287C-66E970BC22DB}.Debug|Any CPU.ActiveCfg = Debug|Any CPU
		{FAF666A8-1C70-C48A-287C-66E970BC22DB}.Debug|Any CPU.Build.0 = Debug|Any CPU
		{FAF666A8-1C70-C48A-287C-66E970BC22DB}.Release|Any CPU.ActiveCfg = Release|Any CPU
		{FAF666A8-1C70-C48A-287C-66E970BC22DB}.Release|Any CPU.Build.0 = Release|Any CPU
		{A5F34D25-6244-E68D-1530-BD36D0F8888F}.Debug|Any CPU.ActiveCfg = Debug|Any CPU
		{A5F34D25-6244-E68D-1530-BD36D0F8888F}.Debug|Any CPU.Build.0 = Debug|Any CPU
		{A5F34D25-6244-E68D-1530-BD36D0F8888F}.Release|Any CPU.ActiveCfg = Release|Any CPU
		{A5F34D25-6244-E68D-1530-BD36D0F8888F}.Release|Any CPU.Build.0 = Release|Any CPU
		{390F4F53-FDB8-0028-06BC-6558BF5E0CFC}.Debug|Any CPU.ActiveCfg = Debug|Any CPU
		{390F4F53-FDB8-0028-06BC-6558BF5E0CFC}.Debug|Any CPU.Build.0 = Debug|Any CPU
		{390F4F53-FDB8-0028-06BC-6558BF5E0CFC}.Release|Any CPU.ActiveCfg = Release|Any CPU
		{390F4F53-FDB8-0028-06BC-6558BF5E0CFC}.Release|Any CPU.Build.0 = Release|Any CPU
		{87E5019A-FC01-D041-6DEF-C7BC5A8E048E}.Debug|Any CPU.ActiveCfg = Debug|Any CPU
		{87E5019A-FC01-D041-6DEF-C7BC5A8E048E}.Debug|Any CPU.Build.0 = Debug|Any CPU
		{87E5019A-FC01-D041-6DEF-C7BC5A8E048E}.Release|Any CPU.ActiveCfg = Release|Any CPU
		{87E5019A-FC01-D041-6DEF-C7BC5A8E048E}.Release|Any CPU.Build.0 = Release|Any CPU
		{C786E0D9-7D2A-21C9-3121-4151E0E596B2}.Debug|Any CPU.ActiveCfg = Debug|Any CPU
		{C786E0D9-7D2A-21C9-3121-4151E0E596B2}.Debug|Any CPU.Build.0 = Debug|Any CPU
		{C786E0D9-7D2A-21C9-3121-4151E0E596B2}.Release|Any CPU.ActiveCfg = Release|Any CPU
		{C786E0D9-7D2A-21C9-3121-4151E0E596B2}.Release|Any CPU.Build.0 = Release|Any CPU
		{FC296FA9-BE2F-36DE-A508-77A7A64C68D3}.Debug|Any CPU.ActiveCfg = Debug|Any CPU
		{FC296FA9-BE2F-36DE-A508-77A7A64C68D3}.Debug|Any CPU.Build.0 = Debug|Any CPU
		{FC296FA9-BE2F-36DE-A508-77A7A64C68D3}.Release|Any CPU.ActiveCfg = Release|Any CPU
		{FC296FA9-BE2F-36DE-A508-77A7A64C68D3}.Release|Any CPU.Build.0 = Release|Any CPU
		{38CAEA7B-64C4-7B40-02CB-F29DF179CFF0}.Debug|Any CPU.ActiveCfg = Debug|Any CPU
		{38CAEA7B-64C4-7B40-02CB-F29DF179CFF0}.Debug|Any CPU.Build.0 = Debug|Any CPU
		{38CAEA7B-64C4-7B40-02CB-F29DF179CFF0}.Release|Any CPU.ActiveCfg = Release|Any CPU
		{38CAEA7B-64C4-7B40-02CB-F29DF179CFF0}.Release|Any CPU.Build.0 = Release|Any CPU
		{29078D91-A861-D848-F3C1-F26944AF70D6}.Debug|Any CPU.ActiveCfg = Debug|Any CPU
		{29078D91-A861-D848-F3C1-F26944AF70D6}.Debug|Any CPU.Build.0 = Debug|Any CPU
		{29078D91-A861-D848-F3C1-F26944AF70D6}.Release|Any CPU.ActiveCfg = Release|Any CPU
		{29078D91-A861-D848-F3C1-F26944AF70D6}.Release|Any CPU.Build.0 = Release|Any CPU
		{66BB3033-4939-A70F-4540-6D5B9E769238}.Debug|Any CPU.ActiveCfg = Debug|Any CPU
		{66BB3033-4939-A70F-4540-6D5B9E769238}.Debug|Any CPU.Build.0 = Debug|Any CPU
		{66BB3033-4939-A70F-4540-6D5B9E769238}.Release|Any CPU.ActiveCfg = Release|Any CPU
		{66BB3033-4939-A70F-4540-6D5B9E769238}.Release|Any CPU.Build.0 = Release|Any CPU
		{5A65AD15-D770-601E-FB51-A4CB6087D258}.Debug|Any CPU.ActiveCfg = Debug|Any CPU
		{5A65AD15-D770-601E-FB51-A4CB6087D258}.Debug|Any CPU.Build.0 = Debug|Any CPU
		{5A65AD15-D770-601E-FB51-A4CB6087D258}.Release|Any CPU.ActiveCfg = Release|Any CPU
		{5A65AD15-D770-601E-FB51-A4CB6087D258}.Release|Any CPU.Build.0 = Release|Any CPU
		{6E349882-FB54-5997-5A49-44A3EFE1DBB8}.Debug|Any CPU.ActiveCfg = Debug|Any CPU
		{6E349882-FB54-5997-5A49-44A3EFE1DBB8}.Debug|Any CPU.Build.0 = Debug|Any CPU
		{6E349882-FB54-5997-5A49-44A3EFE1DBB8}.Release|Any CPU.ActiveCfg = Release|Any CPU
		{6E349882-FB54-5997-5A49-44A3EFE1DBB8}.Release|Any CPU.Build.0 = Release|Any CPU
		{BEA18F9F-5E43-2DD2-1D8E-36E16519011C}.Debug|Any CPU.ActiveCfg = Debug|Any CPU
		{BEA18F9F-5E43-2DD2-1D8E-36E16519011C}.Debug|Any CPU.Build.0 = Debug|Any CPU
		{BEA18F9F-5E43-2DD2-1D8E-36E16519011C}.Release|Any CPU.ActiveCfg = Release|Any CPU
		{BEA18F9F-5E43-2DD2-1D8E-36E16519011C}.Release|Any CPU.Build.0 = Release|Any CPU
		{EF480A92-ED74-51E8-271B-648248255DC2}.Debug|Any CPU.ActiveCfg = Debug|Any CPU
		{EF480A92-ED74-51E8-271B-648248255DC2}.Debug|Any CPU.Build.0 = Debug|Any CPU
		{EF480A92-ED74-51E8-271B-648248255DC2}.Release|Any CPU.ActiveCfg = Release|Any CPU
		{EF480A92-ED74-51E8-271B-648248255DC2}.Release|Any CPU.Build.0 = Release|Any CPU
		{8B2F3798-DC4E-77A4-D271-7C8387F3DDDF}.Debug|Any CPU.ActiveCfg = Debug|Any CPU
		{8B2F3798-DC4E-77A4-D271-7C8387F3DDDF}.Debug|Any CPU.Build.0 = Debug|Any CPU
		{8B2F3798-DC4E-77A4-D271-7C8387F3DDDF}.Release|Any CPU.ActiveCfg = Release|Any CPU
		{8B2F3798-DC4E-77A4-D271-7C8387F3DDDF}.Release|Any CPU.Build.0 = Release|Any CPU
		{9BEA66D3-2674-952A-634E-35F9A12EFF08}.Debug|Any CPU.ActiveCfg = Debug|Any CPU
		{9BEA66D3-2674-952A-634E-35F9A12EFF08}.Debug|Any CPU.Build.0 = Debug|Any CPU
		{9BEA66D3-2674-952A-634E-35F9A12EFF08}.Release|Any CPU.ActiveCfg = Release|Any CPU
		{9BEA66D3-2674-952A-634E-35F9A12EFF08}.Release|Any CPU.Build.0 = Release|Any CPU
		{092322FF-2247-057B-1AEF-F39A3DB95463}.Debug|Any CPU.ActiveCfg = Debug|Any CPU
		{092322FF-2247-057B-1AEF-F39A3DB95463}.Debug|Any CPU.Build.0 = Debug|Any CPU
		{092322FF-2247-057B-1AEF-F39A3DB95463}.Release|Any CPU.ActiveCfg = Release|Any CPU
		{092322FF-2247-057B-1AEF-F39A3DB95463}.Release|Any CPU.Build.0 = Release|Any CPU
		{18A5F819-0E60-C26D-2B8E-B5522B9F1F89}.Debug|Any CPU.ActiveCfg = Debug|Any CPU
		{18A5F819-0E60-C26D-2B8E-B5522B9F1F89}.Debug|Any CPU.Build.0 = Debug|Any CPU
		{18A5F819-0E60-C26D-2B8E-B5522B9F1F89}.Release|Any CPU.ActiveCfg = Release|Any CPU
		{18A5F819-0E60-C26D-2B8E-B5522B9F1F89}.Release|Any CPU.Build.0 = Release|Any CPU
		{B9015508-F679-09D9-790B-19D4FBB286C2}.Debug|Any CPU.ActiveCfg = Debug|Any CPU
		{B9015508-F679-09D9-790B-19D4FBB286C2}.Debug|Any CPU.Build.0 = Debug|Any CPU
		{B9015508-F679-09D9-790B-19D4FBB286C2}.Release|Any CPU.ActiveCfg = Release|Any CPU
		{B9015508-F679-09D9-790B-19D4FBB286C2}.Release|Any CPU.Build.0 = Release|Any CPU
		{89952798-7291-9702-5ED0-ED8D41CA4E51}.Debug|Any CPU.ActiveCfg = Debug|Any CPU
		{89952798-7291-9702-5ED0-ED8D41CA4E51}.Debug|Any CPU.Build.0 = Debug|Any CPU
		{89952798-7291-9702-5ED0-ED8D41CA4E51}.Release|Any CPU.ActiveCfg = Release|Any CPU
		{89952798-7291-9702-5ED0-ED8D41CA4E51}.Release|Any CPU.Build.0 = Release|Any CPU
		{32F5C0A8-26FD-6A36-DC5D-F5CBDD890865}.Debug|Any CPU.ActiveCfg = Debug|Any CPU
		{32F5C0A8-26FD-6A36-DC5D-F5CBDD890865}.Debug|Any CPU.Build.0 = Debug|Any CPU
		{32F5C0A8-26FD-6A36-DC5D-F5CBDD890865}.Release|Any CPU.ActiveCfg = Release|Any CPU
		{32F5C0A8-26FD-6A36-DC5D-F5CBDD890865}.Release|Any CPU.Build.0 = Release|Any CPU
		{3A7A1814-356E-DA7F-E035-622B96CF83CE}.Debug|Any CPU.ActiveCfg = Debug|Any CPU
		{3A7A1814-356E-DA7F-E035-622B96CF83CE}.Debug|Any CPU.Build.0 = Debug|Any CPU
		{3A7A1814-356E-DA7F-E035-622B96CF83CE}.Release|Any CPU.ActiveCfg = Release|Any CPU
		{3A7A1814-356E-DA7F-E035-622B96CF83CE}.Release|Any CPU.Build.0 = Release|Any CPU
		{73C613C3-A370-979B-AE1B-D903799B394E}.Debug|Any CPU.ActiveCfg = Debug|Any CPU
		{73C613C3-A370-979B-AE1B-D903799B394E}.Debug|Any CPU.Build.0 = Debug|Any CPU
		{73C613C3-A370-979B-AE1B-D903799B394E}.Release|Any CPU.ActiveCfg = Release|Any CPU
		{73C613C3-A370-979B-AE1B-D903799B394E}.Release|Any CPU.Build.0 = Release|Any CPU
		{3FED6876-FF3C-714B-9F2F-862D410EEEFC}.Debug|Any CPU.ActiveCfg = Debug|Any CPU
		{3FED6876-FF3C-714B-9F2F-862D410EEEFC}.Debug|Any CPU.Build.0 = Debug|Any CPU
		{3FED6876-FF3C-714B-9F2F-862D410EEEFC}.Release|Any CPU.ActiveCfg = Release|Any CPU
		{3FED6876-FF3C-714B-9F2F-862D410EEEFC}.Release|Any CPU.Build.0 = Release|Any CPU
		{77E9F284-1765-543C-06FE-3B77AE1B78A7}.Debug|Any CPU.ActiveCfg = Debug|Any CPU
		{77E9F284-1765-543C-06FE-3B77AE1B78A7}.Debug|Any CPU.Build.0 = Debug|Any CPU
		{77E9F284-1765-543C-06FE-3B77AE1B78A7}.Release|Any CPU.ActiveCfg = Release|Any CPU
		{77E9F284-1765-543C-06FE-3B77AE1B78A7}.Release|Any CPU.Build.0 = Release|Any CPU
		{14C46F73-A4EB-7D7C-B093-1C1E5DD23593}.Debug|Any CPU.ActiveCfg = Debug|Any CPU
		{14C46F73-A4EB-7D7C-B093-1C1E5DD23593}.Debug|Any CPU.Build.0 = Debug|Any CPU
		{14C46F73-A4EB-7D7C-B093-1C1E5DD23593}.Release|Any CPU.ActiveCfg = Release|Any CPU
		{14C46F73-A4EB-7D7C-B093-1C1E5DD23593}.Release|Any CPU.Build.0 = Release|Any CPU
		{455250D0-2F92-2E30-1E4F-8964BF49BDFF}.Debug|Any CPU.ActiveCfg = Debug|Any CPU
		{455250D0-2F92-2E30-1E4F-8964BF49BDFF}.Debug|Any CPU.Build.0 = Debug|Any CPU
		{455250D0-2F92-2E30-1E4F-8964BF49BDFF}.Release|Any CPU.ActiveCfg = Release|Any CPU
		{455250D0-2F92-2E30-1E4F-8964BF49BDFF}.Release|Any CPU.Build.0 = Release|Any CPU
		{4976607E-191D-DA94-65E2-1A117873B772}.Debug|Any CPU.ActiveCfg = Debug|Any CPU
		{4976607E-191D-DA94-65E2-1A117873B772}.Debug|Any CPU.Build.0 = Debug|Any CPU
		{4976607E-191D-DA94-65E2-1A117873B772}.Release|Any CPU.ActiveCfg = Release|Any CPU
		{4976607E-191D-DA94-65E2-1A117873B772}.Release|Any CPU.Build.0 = Release|Any CPU
		{5946BB37-775A-EA45-D21D-E327F033E0D3}.Debug|Any CPU.ActiveCfg = Debug|Any CPU
		{5946BB37-775A-EA45-D21D-E327F033E0D3}.Debug|Any CPU.Build.0 = Debug|Any CPU
		{5946BB37-775A-EA45-D21D-E327F033E0D3}.Release|Any CPU.ActiveCfg = Release|Any CPU
		{5946BB37-775A-EA45-D21D-E327F033E0D3}.Release|Any CPU.Build.0 = Release|Any CPU
		{4EA5DCF1-3AAB-4ED4-D81A-06CD77970E01}.Debug|Any CPU.ActiveCfg = Debug|Any CPU
		{4EA5DCF1-3AAB-4ED4-D81A-06CD77970E01}.Debug|Any CPU.Build.0 = Debug|Any CPU
		{4EA5DCF1-3AAB-4ED4-D81A-06CD77970E01}.Release|Any CPU.ActiveCfg = Release|Any CPU
		{4EA5DCF1-3AAB-4ED4-D81A-06CD77970E01}.Release|Any CPU.Build.0 = Release|Any CPU
		{DD19D059-7F52-18D8-B278-8BAF1658CCD6}.Debug|Any CPU.ActiveCfg = Debug|Any CPU
		{DD19D059-7F52-18D8-B278-8BAF1658CCD6}.Debug|Any CPU.Build.0 = Debug|Any CPU
		{DD19D059-7F52-18D8-B278-8BAF1658CCD6}.Release|Any CPU.ActiveCfg = Release|Any CPU
		{DD19D059-7F52-18D8-B278-8BAF1658CCD6}.Release|Any CPU.Build.0 = Release|Any CPU
		{87565AD2-D765-3B04-A8A2-3346E1E57BA0}.Debug|Any CPU.ActiveCfg = Debug|Any CPU
		{87565AD2-D765-3B04-A8A2-3346E1E57BA0}.Debug|Any CPU.Build.0 = Debug|Any CPU
		{87565AD2-D765-3B04-A8A2-3346E1E57BA0}.Release|Any CPU.ActiveCfg = Release|Any CPU
		{87565AD2-D765-3B04-A8A2-3346E1E57BA0}.Release|Any CPU.Build.0 = Release|Any CPU
		{0CDDE611-6E0A-2DE0-7A88-140A68C93871}.Debug|Any CPU.ActiveCfg = Debug|Any CPU
		{0CDDE611-6E0A-2DE0-7A88-140A68C93871}.Debug|Any CPU.Build.0 = Debug|Any CPU
		{0CDDE611-6E0A-2DE0-7A88-140A68C93871}.Release|Any CPU.ActiveCfg = Release|Any CPU
		{0CDDE611-6E0A-2DE0-7A88-140A68C93871}.Release|Any CPU.Build.0 = Release|Any CPU
		{DC946FDE-803A-2034-2C04-88DA0E233B30}.Debug|Any CPU.ActiveCfg = Debug|Any CPU
		{DC946FDE-803A-2034-2C04-88DA0E233B30}.Debug|Any CPU.Build.0 = Debug|Any CPU
		{DC946FDE-803A-2034-2C04-88DA0E233B30}.Release|Any CPU.ActiveCfg = Release|Any CPU
		{DC946FDE-803A-2034-2C04-88DA0E233B30}.Release|Any CPU.Build.0 = Release|Any CPU
		{436F6F2E-91E7-6925-0155-B8F354F9F227}.Debug|Any CPU.ActiveCfg = Debug|Any CPU
		{436F6F2E-91E7-6925-0155-B8F354F9F227}.Debug|Any CPU.Build.0 = Debug|Any CPU
		{436F6F2E-91E7-6925-0155-B8F354F9F227}.Release|Any CPU.ActiveCfg = Release|Any CPU
		{436F6F2E-91E7-6925-0155-B8F354F9F227}.Release|Any CPU.Build.0 = Release|Any CPU
		{E2C769AE-3E4C-B217-AFCC-74B0E994DE07}.Debug|Any CPU.ActiveCfg = Debug|Any CPU
		{E2C769AE-3E4C-B217-AFCC-74B0E994DE07}.Debug|Any CPU.Build.0 = Debug|Any CPU
		{E2C769AE-3E4C-B217-AFCC-74B0E994DE07}.Release|Any CPU.ActiveCfg = Release|Any CPU
		{E2C769AE-3E4C-B217-AFCC-74B0E994DE07}.Release|Any CPU.Build.0 = Release|Any CPU
		{D6B6C511-4A62-78D9-D3F7-F72B798289D9}.Debug|Any CPU.ActiveCfg = Debug|Any CPU
		{D6B6C511-4A62-78D9-D3F7-F72B798289D9}.Debug|Any CPU.Build.0 = Debug|Any CPU
		{D6B6C511-4A62-78D9-D3F7-F72B798289D9}.Release|Any CPU.ActiveCfg = Release|Any CPU
		{D6B6C511-4A62-78D9-D3F7-F72B798289D9}.Release|Any CPU.Build.0 = Release|Any CPU
		{07C5E22C-EAD1-F246-7C10-E7CAD0045B09}.Debug|Any CPU.ActiveCfg = Debug|Any CPU
		{07C5E22C-EAD1-F246-7C10-E7CAD0045B09}.Debug|Any CPU.Build.0 = Debug|Any CPU
		{07C5E22C-EAD1-F246-7C10-E7CAD0045B09}.Release|Any CPU.ActiveCfg = Release|Any CPU
		{07C5E22C-EAD1-F246-7C10-E7CAD0045B09}.Release|Any CPU.Build.0 = Release|Any CPU
		{6CAA7DF6-7B9C-13D4-1430-536B70FCA74F}.Debug|Any CPU.ActiveCfg = Debug|Any CPU
		{6CAA7DF6-7B9C-13D4-1430-536B70FCA74F}.Debug|Any CPU.Build.0 = Debug|Any CPU
		{6CAA7DF6-7B9C-13D4-1430-536B70FCA74F}.Release|Any CPU.ActiveCfg = Release|Any CPU
		{6CAA7DF6-7B9C-13D4-1430-536B70FCA74F}.Release|Any CPU.Build.0 = Release|Any CPU
		{80B3BAE9-1C95-CEC0-C855-D53CF7F2B466}.Debug|Any CPU.ActiveCfg = Debug|Any CPU
		{80B3BAE9-1C95-CEC0-C855-D53CF7F2B466}.Debug|Any CPU.Build.0 = Debug|Any CPU
		{80B3BAE9-1C95-CEC0-C855-D53CF7F2B466}.Release|Any CPU.ActiveCfg = Release|Any CPU
		{80B3BAE9-1C95-CEC0-C855-D53CF7F2B466}.Release|Any CPU.Build.0 = Release|Any CPU
		{3F5141E9-24C2-33EF-5D54-34F11637CACE}.Debug|Any CPU.ActiveCfg = Debug|Any CPU
		{3F5141E9-24C2-33EF-5D54-34F11637CACE}.Debug|Any CPU.Build.0 = Debug|Any CPU
		{3F5141E9-24C2-33EF-5D54-34F11637CACE}.Release|Any CPU.ActiveCfg = Release|Any CPU
		{3F5141E9-24C2-33EF-5D54-34F11637CACE}.Release|Any CPU.Build.0 = Release|Any CPU
		{FE974D71-F0B9-6198-0B28-F21245B9224D}.Debug|Any CPU.ActiveCfg = Debug|Any CPU
		{FE974D71-F0B9-6198-0B28-F21245B9224D}.Debug|Any CPU.Build.0 = Debug|Any CPU
		{FE974D71-F0B9-6198-0B28-F21245B9224D}.Release|Any CPU.ActiveCfg = Release|Any CPU
		{FE974D71-F0B9-6198-0B28-F21245B9224D}.Release|Any CPU.Build.0 = Release|Any CPU
		{D5CE8DB6-27D6-C7C2-27FA-DE341EB7B75E}.Debug|Any CPU.ActiveCfg = Debug|Any CPU
		{D5CE8DB6-27D6-C7C2-27FA-DE341EB7B75E}.Debug|Any CPU.Build.0 = Debug|Any CPU
		{D5CE8DB6-27D6-C7C2-27FA-DE341EB7B75E}.Release|Any CPU.ActiveCfg = Release|Any CPU
		{D5CE8DB6-27D6-C7C2-27FA-DE341EB7B75E}.Release|Any CPU.Build.0 = Release|Any CPU
		{55481E6D-2A4C-EC60-E293-D23CBE017BFE}.Debug|Any CPU.ActiveCfg = Debug|Any CPU
		{55481E6D-2A4C-EC60-E293-D23CBE017BFE}.Debug|Any CPU.Build.0 = Debug|Any CPU
		{55481E6D-2A4C-EC60-E293-D23CBE017BFE}.Release|Any CPU.ActiveCfg = Release|Any CPU
		{55481E6D-2A4C-EC60-E293-D23CBE017BFE}.Release|Any CPU.Build.0 = Release|Any CPU
		{889E453B-C3FC-5002-9663-3271470DA940}.Debug|Any CPU.ActiveCfg = Debug|Any CPU
		{889E453B-C3FC-5002-9663-3271470DA940}.Debug|Any CPU.Build.0 = Debug|Any CPU
		{889E453B-C3FC-5002-9663-3271470DA940}.Release|Any CPU.ActiveCfg = Release|Any CPU
		{889E453B-C3FC-5002-9663-3271470DA940}.Release|Any CPU.Build.0 = Release|Any CPU
		{318B78AD-C59B-5F4D-9402-6D4C46AA28E8}.Debug|Any CPU.ActiveCfg = Debug|Any CPU
		{318B78AD-C59B-5F4D-9402-6D4C46AA28E8}.Debug|Any CPU.Build.0 = Debug|Any CPU
		{318B78AD-C59B-5F4D-9402-6D4C46AA28E8}.Release|Any CPU.ActiveCfg = Release|Any CPU
		{318B78AD-C59B-5F4D-9402-6D4C46AA28E8}.Release|Any CPU.Build.0 = Release|Any CPU
		{1FEDD447-BCC1-A1FF-BE3D-E2E92ACB3B19}.Debug|Any CPU.ActiveCfg = Debug|Any CPU
		{1FEDD447-BCC1-A1FF-BE3D-E2E92ACB3B19}.Debug|Any CPU.Build.0 = Debug|Any CPU
		{1FEDD447-BCC1-A1FF-BE3D-E2E92ACB3B19}.Release|Any CPU.ActiveCfg = Release|Any CPU
		{1FEDD447-BCC1-A1FF-BE3D-E2E92ACB3B19}.Release|Any CPU.Build.0 = Release|Any CPU
		{0816F3E4-75FD-6727-DF55-E6AB62B448A6}.Debug|Any CPU.ActiveCfg = Debug|Any CPU
		{0816F3E4-75FD-6727-DF55-E6AB62B448A6}.Debug|Any CPU.Build.0 = Debug|Any CPU
		{0816F3E4-75FD-6727-DF55-E6AB62B448A6}.Release|Any CPU.ActiveCfg = Release|Any CPU
		{0816F3E4-75FD-6727-DF55-E6AB62B448A6}.Release|Any CPU.Build.0 = Release|Any CPU
	EndGlobalSection
	GlobalSection(SolutionProperties) = preSolution
		HideSolutionNode = FALSE
	EndGlobalSection
EndGlobal
